
Microsoft Visual Studio Solution File, Format Version 12.00
# Visual Studio Version 17
VisualStudioVersion = 17.1.32421.90
MinimumVisualStudioVersion = 10.0.40219.1
Project("{FAE04EC0-301F-11D3-BF4B-00C04F79EFBC}") = "PatrickLiu.MicroService.Client", "PatrickLiu.MicroService.Client\PatrickLiu.MicroService.Client.csproj", "{56B70AB3-A168-4038-96FF-8AF08150C62C}"
EndProject
Project("{FAE04EC0-301F-11D3-BF4B-00C04F79EFBC}") = "PatrickLiu.MicroService.Interfaces", "PatrickLiu.MicroService.Interfaces\PatrickLiu.MicroService.Interfaces.csproj", "{93256889-540D-4AB4-A0B4-39ABFA874F8A}"
EndProject
Project("{FAE04EC0-301F-11D3-BF4B-00C04F79EFBC}") = "PatrickLiu.MicroService.Models", "PatrickLiu.MicroService.Models\PatrickLiu.MicroService.Models.csproj", "{013A52E3-6669-4DD9-B465-B6B48643CDAE}"
EndProject
Project("{FAE04EC0-301F-11D3-BF4B-00C04F79EFBC}") = "PatrickLiu.MicroService.Services", "PatrickLiu.MicroService.Services\PatrickLiu.MicroService.Services.csproj", "{2930F94A-FA79-4E52-900D-E48450A2AC75}"
EndProject
Project("{FAE04EC0-301F-11D3-BF4B-00C04F79EFBC}") = "PatrickLiu.MicroService.ServiceInstance", "PatrickLiu.MicroService.ServiceInstance\PatrickLiu.MicroService.ServiceInstance.csproj", "{E525EDBD-5D5A-40E5-9E7B-015276787738}"
EndProject
Global
	GlobalSection(SolutionConfigurationPlatforms) = preSolution
		Debug|Any CPU = Debug|Any CPU
		Release|Any CPU = Release|Any CPU
	EndGlobalSection
	GlobalSection(ProjectConfigurationPlatforms) = postSolution
		{56B70AB3-A168-4038-96FF-8AF08150C62C}.Debug|Any CPU.ActiveCfg = Debug|Any CPU
		{56B70AB3-A168-4038-96FF-8AF08150C62C}.Debug|Any CPU.Build.0 = Debug|Any CPU
		{56B70AB3-A168-4038-96FF-8AF08150C62C}.Release|Any CPU.ActiveCfg = Release|Any CPU
		{56B70AB3-A168-4038-96FF-8AF08150C62C}.Release|Any CPU.Build.0 = Release|Any CPU
		{93256889-540D-4AB4-A0B4-39ABFA874F8A}.Debug|Any CPU.ActiveCfg = Debug|Any CPU
		{93256889-540D-4AB4-A0B4-39ABFA874F8A}.Debug|Any CPU.Build.0 = Debug|Any CPU
		{93256889-540D-4AB4-A0B4-39ABFA874F8A}.Release|Any CPU.ActiveCfg = Release|Any CPU
		{93256889-540D-4AB4-A0B4-39ABFA874F8A}.Release|Any CPU.Build.0 = Release|Any CPU
		{013A52E3-6669-4DD9-B465-B6B48643CDAE}.Debug|Any CPU.ActiveCfg = Debug|Any CPU
		{013A52E3-6669-4DD9-B465-B6B48643CDAE}.Debug|Any CPU.Build.0 = Debug|Any CPU
		{013A52E3-6669-4DD9-B465-B6B48643CDAE}.Release|Any CPU.ActiveCfg = Release|Any CPU
		{013A52E3-6669-4DD9-B465-B6B48643CDAE}.Release|Any CPU.Build.0 = Release|Any CPU
		{2930F94A-FA79-4E52-900D-E48450A2AC75}.Debug|Any CPU.ActiveCfg = Debug|Any CPU
		{2930F94A-FA79-4E52-900D-E48450A2AC75}.Debug|Any CPU.Build.0 = Debug|Any CPU
		{2930F94A-FA79-4E52-900D-E48450A2AC75}.Release|Any CPU.ActiveCfg = Release|Any CPU
		{2930F94A-FA79-4E52-900D-E48450A2AC75}.Release|Any CPU.Build.0 = Release|Any CPU
		{E525EDBD-5D5A-40E5-9E7B-015276787738}.Debug|Any CPU.ActiveCfg = Debug|Any CPU
		{E525EDBD-5D5A-40E5-9E7B-015276787738}.Debug|Any CPU.Build.0 = Debug|Any CPU
		{E525EDBD-5D5A-40E5-9E7B-015276787738}.Release|Any CPU.ActiveCfg = Release|Any CPU
		{E525EDBD-5D5A-40E5-9E7B-015276787738}.Release|Any CPU.Build.0 = Release|Any CPU
	EndGlobalSection
	GlobalSection(SolutionProperties) = preSolution
		HideSolutionNode = FALSE
	EndGlobalSection
	GlobalSection(ExtensibilityGlobals) = postSolution
		SolutionGuid = {9FFC5614-95BD-4BAE-B7D2-244CB0E98CD7}
	EndGlobalSection
EndGlobal
